
Microsoft Visual Studio Solution File, Format Version 12.00
# Visual Studio Version 16
VisualStudioVersion = 16.0.29102.190
MinimumVisualStudioVersion = 10.0.40219.1
Project("{FAE04EC0-301F-11D3-BF4B-00C04F79EFBC}") = "TwoSum", "TwoSum\TwoSum.csproj", "{808717CD-093C-4727-9EFB-772D52E4FE75}"
EndProject
Global
	GlobalSection(SolutionConfigurationPlatforms) = preSolution
		Debug|Any CPU = Debug|Any CPU
		Release|Any CPU = Release|Any CPU
	EndGlobalSection
	GlobalSection(ProjectConfigurationPlatforms) = postSolution
		{808717CD-093C-4727-9EFB-772D52E4FE75}.Debug|Any CPU.ActiveCfg = Debug|Any CPU
		{808717CD-093C-4727-9EFB-772D52E4FE75}.Debug|Any CPU.Build.0 = Debug|Any CPU
		{808717CD-093C-4727-9EFB-772D52E4FE75}.Release|Any CPU.ActiveCfg = Release|Any CPU
		{808717CD-093C-4727-9EFB-772D52E4FE75}.Release|Any CPU.Build.0 = Release|Any CPU
	EndGlobalSection
	GlobalSection(SolutionProperties) = preSolution
		HideSolutionNode = FALSE
	EndGlobalSection
	GlobalSection(ExtensibilityGlobals) = postSolution
		SolutionGuid = {0A96E17D-AA6B-453C-BDE6-A74EEF471CE0}
	EndGlobalSection
EndGlobal
