
Microsoft Visual Studio Solution File, Format Version 12.00
# Visual Studio Version 16
VisualStudioVersion = 16.0.29102.190
MinimumVisualStudioVersion = 10.0.40219.1
Project("{FAE04EC0-301F-11D3-BF4B-00C04F79EFBC}") = "TwoSum", "TwoSum\TwoSum.csproj", "{808717CD-093C-4727-9EFB-772D52E4FE75}"
EndProject
Project("{FAE04EC0-301F-11D3-BF4B-00C04F79EFBC}") = "AddTwoNumbers", "AddTwoNumbers\AddTwoNumbers.csproj", "{BD54EAA6-DDD0-436A-88F1-F9FF169DA698}"
EndProject
Project("{2150E333-8FDC-42A3-9474-1A3956D46DE8}") = "InterviewQuestions", "InterviewQuestions", "{9BDA00AB-E18D-4382-A944-EA714E7A30B6}"
EndProject
Project("{2150E333-8FDC-42A3-9474-1A3956D46DE8}") = "Array", "Array", "{93E185D0-7DA1-4BFC-B9AC-CBE177AC570D}"
EndProject
Project("{FAE04EC0-301F-11D3-BF4B-00C04F79EFBC}") = "RemoveDuplicatesFromSortedArray", "InterviewQuestions\Array\RemoveDuplicatesFromSortedArray\RemoveDuplicatesFromSortedArray.csproj", "{A3649281-F197-41C3-B9A1-FAAA9492A30B}"
EndProject
Project("{2150E333-8FDC-42A3-9474-1A3956D46DE8}") = "Concurrency", "Concurrency", "{122963A3-56D2-4284-A818-F810CD071925}"
EndProject
Project("{FAE04EC0-301F-11D3-BF4B-00C04F79EFBC}") = "PrintInOrder", "Concurrency\PrintInOrder\PrintInOrder.csproj", "{C50A7383-E4A0-4BDE-A596-5B9C91DEF0A7}"
EndProject
Project("{FAE04EC0-301F-11D3-BF4B-00C04F79EFBC}") = "BestTimeToBuyAndSellStock", "InterviewQuestions\Array\BestTimeToBuyAndSellStock\BestTimeToBuyAndSellStock.csproj", "{B9A62881-F4D6-4F3A-AF86-9F70BDD48608}"
EndProject
Project("{9A19103F-16F7-4668-BE54-9A1E7A4F7556}") = "RotateArray", "InterviewQuestions\Array\RotateArray\RotateArray.csproj", "{83B0E553-6160-4C5C-B6D3-2202C1765B28}"
EndProject
Project("{FAE04EC0-301F-11D3-BF4B-00C04F79EFBC}") = "ContainsDuplicate", "InterviewQuestions\Array\ContainsDuplicate\ContainsDuplicate.csproj", "{0D2C4571-A5DF-4450-A190-46C2E27CA7B8}"
EndProject
Project("{FAE04EC0-301F-11D3-BF4B-00C04F79EFBC}") = "SingleNumber", "InterviewQuestions\Array\SingleNumber\SingleNumber.csproj", "{78E3DB97-C71C-4900-95F6-B6FFDA5D66DA}"
EndProject
Project("{FAE04EC0-301F-11D3-BF4B-00C04F79EFBC}") = "IntersectionOfTwoArrays2", "InterviewQuestions\Array\IntersectionOfTwoArrays2\IntersectionOfTwoArrays2.csproj", "{1391D26B-ACE4-412B-AD8E-894C461263ED}"
EndProject
Project("{FAE04EC0-301F-11D3-BF4B-00C04F79EFBC}") = "PlusOne", "InterviewQuestions\Array\PlusOne\PlusOne.csproj", "{9011CA20-0AB6-492F-BAEF-4862B641884F}"
EndProject
Project("{FAE04EC0-301F-11D3-BF4B-00C04F79EFBC}") = "MoveZeros", "InterviewQuestions\Array\MoveZeros\MoveZeros.csproj", "{6F5B0F0B-10AF-4870-9913-ACB3286931D9}"
EndProject
Project("{FAE04EC0-301F-11D3-BF4B-00C04F79EFBC}") = "TwoSum", "InterviewQuestions\Array\TwoSum\TwoSum.csproj", "{E7AFB526-3EF5-4B32-A9C0-93EFF79E2EC6}"
EndProject
Project("{2150E333-8FDC-42A3-9474-1A3956D46DE8}") = "!Utilities", "!Utilities", "{46A712A1-9B16-4D6D-9135-A9D708C9CA69}"
EndProject
Project("{9A19103F-16F7-4668-BE54-9A1E7A4F7556}") = "Utility", "Utility\Utility.csproj", "{4D843923-7791-47CA-BF37-4E11EFC4A73D}"
EndProject
Project("{FAE04EC0-301F-11D3-BF4B-00C04F79EFBC}") = "ValidSudoku", "InterviewQuestions\Array\ValidSudoku\ValidSudoku.csproj", "{7B2AD54E-7219-4729-A80B-6DEB51EA005C}"
EndProject
Project("{FAE04EC0-301F-11D3-BF4B-00C04F79EFBC}") = "RotateImage", "InterviewQuestions\Array\RotateImage\RotateImage.csproj", "{CA64E363-BA41-44C7-A40B-A37C9979346A}"
EndProject
Project("{FAE04EC0-301F-11D3-BF4B-00C04F79EFBC}") = "LowestCommonAncestor", "LowestCommonAncestor\LowestCommonAncestor.csproj", "{EBA82F85-D93E-43E9-BC26-B95ABBA6EF69}"
EndProject
Project("{FAE04EC0-301F-11D3-BF4B-00C04F79EFBC}") = "WordSearch2", "WordSearch2\WordSearch2.csproj", "{8F00BE11-288C-4267-AEE7-2D4AAD2A1C38}"
EndProject
Project("{2150E333-8FDC-42A3-9474-1A3956D46DE8}") = "Strings", "Strings", "{80870F3F-40DA-46FD-B3F3-DD3FE4B30C96}"
EndProject
Project("{9A19103F-16F7-4668-BE54-9A1E7A4F7556}") = "ReverseString", "InterviewQuestions\Strings\ReverseString\ReverseString.csproj", "{B0339D54-9278-4A1C-8AEA-083949414A16}"
EndProject
Project("{9A19103F-16F7-4668-BE54-9A1E7A4F7556}") = "ReverseInteger", "InterviewQuestions\Strings\ReverseInteger\ReverseInteger.csproj", "{B604F259-F4FC-47CE-B4E4-673A88544914}"
EndProject
Project("{9A19103F-16F7-4668-BE54-9A1E7A4F7556}") = "FirstUniqueCharacterInAString", "InterviewQuestions\Strings\FirstUniqueCharacterInAString\FirstUniqueCharacterInAString.csproj", "{53F0D625-2A3E-4BBC-9319-F3FBCC3AED7A}"
EndProject
Project("{9A19103F-16F7-4668-BE54-9A1E7A4F7556}") = "ValidAnagram", "InterviewQuestions\Strings\ValidAnagram\ValidAnagram.csproj", "{99090896-8072-4492-908A-E306981F4A08}"
EndProject
Project("{9A19103F-16F7-4668-BE54-9A1E7A4F7556}") = "ValidPalindrome", "InterviewQuestions\Strings\ValidPalindrome\ValidPalindrome.csproj", "{226C1AD6-1EC1-4272-B982-EF05DDCCE2E6}"
EndProject
Project("{9A19103F-16F7-4668-BE54-9A1E7A4F7556}") = "StringToInteger", "InterviewQuestions\Strings\StringToInteger\StringToInteger.csproj", "{12131CBF-D443-483B-85E7-26F2A4DBC50D}"
EndProject
Project("{9A19103F-16F7-4668-BE54-9A1E7A4F7556}") = "StrStr", "InterviewQuestions\Strings\StrStr\StrStr.csproj", "{18917ED2-7050-4EAA-9CCA-65E60FF48ABB}"
EndProject
Project("{9A19103F-16F7-4668-BE54-9A1E7A4F7556}") = "CountAndSay", "InterviewQuestions\Strings\CountAndSay\CountAndSay.csproj", "{E6EEDFF5-DAC6-4318-86E2-8E5A82793F02}"
EndProject
Project("{9A19103F-16F7-4668-BE54-9A1E7A4F7556}") = "LongestCommonPrefix", "InterviewQuestions\Strings\LongestCommonPrefix\LongestCommonPrefix.csproj", "{959630EE-F560-45D7-866B-CF76C5DC065F}"
EndProject
Project("{2150E333-8FDC-42A3-9474-1A3956D46DE8}") = "LinkedList", "LinkedList", "{FDD78610-8AD2-4384-9DA1-5D0074CA336F}"
EndProject
Project("{9A19103F-16F7-4668-BE54-9A1E7A4F7556}") = "DeleteNodeInLinkedList", "InterviewQuestions\LinkedList\DeleteNodeInLinkedList\DeleteNodeInLinkedList.csproj", "{8C8CA67C-9101-4BC2-A142-842584B7B2FE}"
EndProject
Project("{9A19103F-16F7-4668-BE54-9A1E7A4F7556}") = "RemoveNthNodeFromEndOfList", "InterviewQuestions\LinkedList\RemoveNthNodeFromEndOfList\RemoveNthNodeFromEndOfList\RemoveNthNodeFromEndOfList.csproj", "{1496AC25-8384-4AF2-B6B9-E4B8D2F14C87}"
EndProject
Project("{9A19103F-16F7-4668-BE54-9A1E7A4F7556}") = "ReverseLinkedList", "InterviewQuestions\LinkedList\RerverseLinkedList\ConsoleApp1\ReverseLinkedList.csproj", "{D20B1CF5-3440-4CF8-8596-5E2F418A1A0A}"
EndProject
Project("{9A19103F-16F7-4668-BE54-9A1E7A4F7556}") = "MergeTwoSortedLists", "InterviewQuestions\LinkedList\MergeTwoSortedLists\MergeTwoSortedLists.csproj", "{20BBD5F7-4264-4547-BC63-B59F9F902A95}"
EndProject
Project("{9A19103F-16F7-4668-BE54-9A1E7A4F7556}") = "PalindromeLinkedList", "InterviewQuestions\LinkedList\PalindromeLinkedList\PalindromeLinkedList.csproj", "{2A5CA278-AB0F-4421-B9A3-0573643BCCCC}"
EndProject
Project("{9A19103F-16F7-4668-BE54-9A1E7A4F7556}") = "LinkedListCycle", "InterviewQuestions\LinkedList\LinkedListCycle\LinkedListCycle.csproj", "{103307CF-FCB5-4ED8-AD3F-8AB4CCAF75D9}"
EndProject
Project("{2150E333-8FDC-42A3-9474-1A3956D46DE8}") = "Trees", "Trees", "{EA06334F-7A9F-411D-8AA0-CF3268CD14E8}"
EndProject
Project("{9A19103F-16F7-4668-BE54-9A1E7A4F7556}") = "MaximumDepthOfBinaryTree", "InterviewQuestions\Trees\MaximumDepthOfBinaryTree\MaximumDepthOfBinaryTree.csproj", "{F895956E-C380-4F00-99D7-FC3D12CC0B03}"
EndProject
Project("{9A19103F-16F7-4668-BE54-9A1E7A4F7556}") = "ValidateBinarySearchTree", "InterviewQuestions\Trees\ValidateBinarySearchTree\ValidateBinarySearchTree.csproj", "{4E75A4AE-56B7-49DB-802B-C96E645290BA}"
EndProject
Project("{9A19103F-16F7-4668-BE54-9A1E7A4F7556}") = "SymmetricTree", "InterviewQuestions\Trees\SymmetricTree\SymmetricTree.csproj", "{903E85C6-23B7-4425-8466-EA5B8D599B8E}"
EndProject
Project("{9A19103F-16F7-4668-BE54-9A1E7A4F7556}") = "BinaryTreeLevelOrderTraversal", "InterviewQuestions\Trees\BinaryTreeLevelOrderTraversal\BinaryTreeLevelOrderTraversal.csproj", "{574573A9-A17C-4D7C-873C-8686806AA249}"
EndProject
Project("{9A19103F-16F7-4668-BE54-9A1E7A4F7556}") = "ConvertSortedArrayBinarySearchTree", "InterviewQuestions\Trees\ConvertSortedArrayBinarySearchTree\ConvertSortedArrayBinarySearchTree.csproj", "{5F3D9EDF-6310-49CE-8AC3-0B4A683A5F5D}"
EndProject
Project("{2150E333-8FDC-42A3-9474-1A3956D46DE8}") = "SortingAndSearching", "SortingAndSearching", "{2B87C11B-BFB0-4382-8AD5-035BC8F86D49}"
EndProject
Project("{9A19103F-16F7-4668-BE54-9A1E7A4F7556}") = "MergeSortedArray", "InterviewQuestions\SortingAndSearching\MergeSortedArray\MergeSortedArray.csproj", "{CA980726-72C6-4455-B5C3-DE9829939EEA}"
EndProject
Project("{9A19103F-16F7-4668-BE54-9A1E7A4F7556}") = "FirstBadVersion", "InterviewQuestions\SortingAndSearching\FirstBadVersion\FirstBadVersion.csproj", "{377B9A04-B854-4F28-89FB-CD8AE8617D8B}"
EndProject
Project("{2150E333-8FDC-42A3-9474-1A3956D46DE8}") = "DynamicProgramming", "DynamicProgramming", "{18831E01-D1BE-4B7E-9DDB-977C21EB310C}"
EndProject
Project("{9A19103F-16F7-4668-BE54-9A1E7A4F7556}") = "ClimbingStairs", "InterviewQuestions\DynamicProgramming\ClimbingStairs\ClimbingStairs.csproj", "{F61513D2-6656-4AB0-9B58-2681A552A5B1}"
EndProject
Project("{9A19103F-16F7-4668-BE54-9A1E7A4F7556}") = "BestTimeToBuyAndSellStock", "InterviewQuestions\DynamicProgramming\BestTimeToBuyAndSellStock\BestTimeToBuyAndSellStock.csproj", "{50A827B7-F98D-484B-A84F-12692B2EF550}"
EndProject
Project("{FAE04EC0-301F-11D3-BF4B-00C04F79EFBC}") = "TrappingRainWater", "TrappingRainWater\TrappingRainWater.csproj", "{C5193654-63D8-49C3-8FBA-A0A6EB1D25C4}"
EndProject
Project("{9A19103F-16F7-4668-BE54-9A1E7A4F7556}") = "MaximumSubarray", "InterviewQuestions\DynamicProgramming\MaximumSubarray\MaximumSubarray.csproj", "{89DDD646-7C09-4F09-982B-97E5C81D9590}"
EndProject
Project("{9A19103F-16F7-4668-BE54-9A1E7A4F7556}") = "HouseRobber", "InterviewQuestions\DynamicProgramming\HouseRobber\HouseRobber.csproj", "{670403E1-83C1-48E6-B57B-706840D5E2F8}"
EndProject
Project("{2150E333-8FDC-42A3-9474-1A3956D46DE8}") = "Design", "Design", "{A368FB87-B7CD-42EE-8C5D-CB2EFF719F69}"
EndProject
Project("{9A19103F-16F7-4668-BE54-9A1E7A4F7556}") = "ShuffleAnArray", "InterviewQuestions\Design\ShuffleAnArray\ShuffleAnArray.csproj", "{DA575F25-5AB2-47F7-82F2-E794BAD379EF}"
EndProject
Project("{9A19103F-16F7-4668-BE54-9A1E7A4F7556}") = "MinStack", "InterviewQuestions\Design\MinStack\MinStack.csproj", "{7AEF2898-4D5C-4800-AC89-5C53D6B31CAF}"
EndProject
Project("{2150E333-8FDC-42A3-9474-1A3956D46DE8}") = "Math", "Math", "{078455F3-B124-4B06-8752-3DCC672CE5B6}"
EndProject
Project("{FAE04EC0-301F-11D3-BF4B-00C04F79EFBC}") = "FizzBuzz", "InterviewQuestions\Math\FizzBuzz\FizzBuzz.csproj", "{3C65D931-8327-44E2-8E87-7788E411BB2D}"
EndProject
Project("{FAE04EC0-301F-11D3-BF4B-00C04F79EFBC}") = "CountPrimes", "InterviewQuestions\Math\CountPrimes\CountPrimes.csproj", "{BF0DCB2B-7B12-4F90-9C96-7C0838358667}"
EndProject
Project("{9A19103F-16F7-4668-BE54-9A1E7A4F7556}") = "PowerOfThree", "InterviewQuestions\Math\PowerOfThree\PowerOfThree.csproj", "{418FCB4C-5191-4079-8EF0-75601487E0E4}"
EndProject
Project("{2150E333-8FDC-42A3-9474-1A3956D46DE8}") = "Others", "Others", "{9EE6F391-76FF-4F88-8E89-47D8CF5C355A}"
EndProject
Project("{9A19103F-16F7-4668-BE54-9A1E7A4F7556}") = "NumberOf1Bits", "InterviewQuestions\Others\NumberOf1Bits\NumberOf1Bits.csproj", "{3E335124-BBD9-4923-BD67-4616F39BB4AF}"
EndProject
Project("{FAE04EC0-301F-11D3-BF4B-00C04F79EFBC}") = "HammingDistance", "InterviewQuestions\Others\HammingDistance\HammingDistance.csproj", "{5FF08F4F-2EAE-46A8-9075-186F08B5FB53}"
EndProject
Project("{FAE04EC0-301F-11D3-BF4B-00C04F79EFBC}") = "ReverseBits", "InterviewQuestions\Others\ReverseBits\ReverseBits.csproj", "{B94D194F-2BB1-4A00-9E35-1EF993C71433}"
EndProject
Project("{FAE04EC0-301F-11D3-BF4B-00C04F79EFBC}") = "PascalTriangle", "InterviewQuestions\Others\PascalTriangle\PascalTriangle.csproj", "{D86C860C-0D13-4A32-B527-51A7A77CF9FE}"
EndProject
Project("{FAE04EC0-301F-11D3-BF4B-00C04F79EFBC}") = "RomanToInteger", "InterviewQuestions\Math\RomanToInteger\RomanToInteger.csproj", "{23DC9ED3-1940-4FA4-B28D-C351D7B5386D}"
EndProject
Project("{FAE04EC0-301F-11D3-BF4B-00C04F79EFBC}") = "ValidParentheses", "InterviewQuestions\Others\ValidParentheses\ValidParentheses.csproj", "{DD9F8547-066B-4BB0-A4EA-DB287C446CD2}"
EndProject
Global
	GlobalSection(SolutionConfigurationPlatforms) = preSolution
		Debug|Any CPU = Debug|Any CPU
		Release|Any CPU = Release|Any CPU
	EndGlobalSection
	GlobalSection(ProjectConfigurationPlatforms) = postSolution
		{808717CD-093C-4727-9EFB-772D52E4FE75}.Debug|Any CPU.ActiveCfg = Debug|Any CPU
		{808717CD-093C-4727-9EFB-772D52E4FE75}.Debug|Any CPU.Build.0 = Debug|Any CPU
		{808717CD-093C-4727-9EFB-772D52E4FE75}.Release|Any CPU.ActiveCfg = Release|Any CPU
		{808717CD-093C-4727-9EFB-772D52E4FE75}.Release|Any CPU.Build.0 = Release|Any CPU
		{BD54EAA6-DDD0-436A-88F1-F9FF169DA698}.Debug|Any CPU.ActiveCfg = Debug|Any CPU
		{BD54EAA6-DDD0-436A-88F1-F9FF169DA698}.Debug|Any CPU.Build.0 = Debug|Any CPU
		{BD54EAA6-DDD0-436A-88F1-F9FF169DA698}.Release|Any CPU.ActiveCfg = Release|Any CPU
		{BD54EAA6-DDD0-436A-88F1-F9FF169DA698}.Release|Any CPU.Build.0 = Release|Any CPU
		{A3649281-F197-41C3-B9A1-FAAA9492A30B}.Debug|Any CPU.ActiveCfg = Debug|Any CPU
		{A3649281-F197-41C3-B9A1-FAAA9492A30B}.Debug|Any CPU.Build.0 = Debug|Any CPU
		{A3649281-F197-41C3-B9A1-FAAA9492A30B}.Release|Any CPU.ActiveCfg = Release|Any CPU
		{A3649281-F197-41C3-B9A1-FAAA9492A30B}.Release|Any CPU.Build.0 = Release|Any CPU
		{C50A7383-E4A0-4BDE-A596-5B9C91DEF0A7}.Debug|Any CPU.ActiveCfg = Debug|Any CPU
		{C50A7383-E4A0-4BDE-A596-5B9C91DEF0A7}.Debug|Any CPU.Build.0 = Debug|Any CPU
		{C50A7383-E4A0-4BDE-A596-5B9C91DEF0A7}.Release|Any CPU.ActiveCfg = Release|Any CPU
		{C50A7383-E4A0-4BDE-A596-5B9C91DEF0A7}.Release|Any CPU.Build.0 = Release|Any CPU
		{B9A62881-F4D6-4F3A-AF86-9F70BDD48608}.Debug|Any CPU.ActiveCfg = Debug|Any CPU
		{B9A62881-F4D6-4F3A-AF86-9F70BDD48608}.Debug|Any CPU.Build.0 = Debug|Any CPU
		{B9A62881-F4D6-4F3A-AF86-9F70BDD48608}.Release|Any CPU.ActiveCfg = Release|Any CPU
		{B9A62881-F4D6-4F3A-AF86-9F70BDD48608}.Release|Any CPU.Build.0 = Release|Any CPU
		{83B0E553-6160-4C5C-B6D3-2202C1765B28}.Debug|Any CPU.ActiveCfg = Debug|Any CPU
		{83B0E553-6160-4C5C-B6D3-2202C1765B28}.Debug|Any CPU.Build.0 = Debug|Any CPU
		{83B0E553-6160-4C5C-B6D3-2202C1765B28}.Release|Any CPU.ActiveCfg = Release|Any CPU
		{83B0E553-6160-4C5C-B6D3-2202C1765B28}.Release|Any CPU.Build.0 = Release|Any CPU
		{0D2C4571-A5DF-4450-A190-46C2E27CA7B8}.Debug|Any CPU.ActiveCfg = Debug|Any CPU
		{0D2C4571-A5DF-4450-A190-46C2E27CA7B8}.Debug|Any CPU.Build.0 = Debug|Any CPU
		{0D2C4571-A5DF-4450-A190-46C2E27CA7B8}.Release|Any CPU.ActiveCfg = Release|Any CPU
		{0D2C4571-A5DF-4450-A190-46C2E27CA7B8}.Release|Any CPU.Build.0 = Release|Any CPU
		{78E3DB97-C71C-4900-95F6-B6FFDA5D66DA}.Debug|Any CPU.ActiveCfg = Debug|Any CPU
		{78E3DB97-C71C-4900-95F6-B6FFDA5D66DA}.Debug|Any CPU.Build.0 = Debug|Any CPU
		{78E3DB97-C71C-4900-95F6-B6FFDA5D66DA}.Release|Any CPU.ActiveCfg = Release|Any CPU
		{78E3DB97-C71C-4900-95F6-B6FFDA5D66DA}.Release|Any CPU.Build.0 = Release|Any CPU
		{1391D26B-ACE4-412B-AD8E-894C461263ED}.Debug|Any CPU.ActiveCfg = Debug|Any CPU
		{1391D26B-ACE4-412B-AD8E-894C461263ED}.Debug|Any CPU.Build.0 = Debug|Any CPU
		{1391D26B-ACE4-412B-AD8E-894C461263ED}.Release|Any CPU.ActiveCfg = Release|Any CPU
		{1391D26B-ACE4-412B-AD8E-894C461263ED}.Release|Any CPU.Build.0 = Release|Any CPU
		{9011CA20-0AB6-492F-BAEF-4862B641884F}.Debug|Any CPU.ActiveCfg = Debug|Any CPU
		{9011CA20-0AB6-492F-BAEF-4862B641884F}.Debug|Any CPU.Build.0 = Debug|Any CPU
		{9011CA20-0AB6-492F-BAEF-4862B641884F}.Release|Any CPU.ActiveCfg = Release|Any CPU
		{9011CA20-0AB6-492F-BAEF-4862B641884F}.Release|Any CPU.Build.0 = Release|Any CPU
		{6F5B0F0B-10AF-4870-9913-ACB3286931D9}.Debug|Any CPU.ActiveCfg = Debug|Any CPU
		{6F5B0F0B-10AF-4870-9913-ACB3286931D9}.Debug|Any CPU.Build.0 = Debug|Any CPU
		{6F5B0F0B-10AF-4870-9913-ACB3286931D9}.Release|Any CPU.ActiveCfg = Release|Any CPU
		{6F5B0F0B-10AF-4870-9913-ACB3286931D9}.Release|Any CPU.Build.0 = Release|Any CPU
		{E7AFB526-3EF5-4B32-A9C0-93EFF79E2EC6}.Debug|Any CPU.ActiveCfg = Debug|Any CPU
		{E7AFB526-3EF5-4B32-A9C0-93EFF79E2EC6}.Debug|Any CPU.Build.0 = Debug|Any CPU
		{E7AFB526-3EF5-4B32-A9C0-93EFF79E2EC6}.Release|Any CPU.ActiveCfg = Release|Any CPU
		{E7AFB526-3EF5-4B32-A9C0-93EFF79E2EC6}.Release|Any CPU.Build.0 = Release|Any CPU
		{4D843923-7791-47CA-BF37-4E11EFC4A73D}.Debug|Any CPU.ActiveCfg = Debug|Any CPU
		{4D843923-7791-47CA-BF37-4E11EFC4A73D}.Debug|Any CPU.Build.0 = Debug|Any CPU
		{4D843923-7791-47CA-BF37-4E11EFC4A73D}.Release|Any CPU.ActiveCfg = Release|Any CPU
		{4D843923-7791-47CA-BF37-4E11EFC4A73D}.Release|Any CPU.Build.0 = Release|Any CPU
		{7B2AD54E-7219-4729-A80B-6DEB51EA005C}.Debug|Any CPU.ActiveCfg = Debug|Any CPU
		{7B2AD54E-7219-4729-A80B-6DEB51EA005C}.Debug|Any CPU.Build.0 = Debug|Any CPU
		{7B2AD54E-7219-4729-A80B-6DEB51EA005C}.Release|Any CPU.ActiveCfg = Release|Any CPU
		{7B2AD54E-7219-4729-A80B-6DEB51EA005C}.Release|Any CPU.Build.0 = Release|Any CPU
		{CA64E363-BA41-44C7-A40B-A37C9979346A}.Debug|Any CPU.ActiveCfg = Debug|Any CPU
		{CA64E363-BA41-44C7-A40B-A37C9979346A}.Debug|Any CPU.Build.0 = Debug|Any CPU
		{CA64E363-BA41-44C7-A40B-A37C9979346A}.Release|Any CPU.ActiveCfg = Release|Any CPU
		{CA64E363-BA41-44C7-A40B-A37C9979346A}.Release|Any CPU.Build.0 = Release|Any CPU
		{EBA82F85-D93E-43E9-BC26-B95ABBA6EF69}.Debug|Any CPU.ActiveCfg = Debug|Any CPU
		{EBA82F85-D93E-43E9-BC26-B95ABBA6EF69}.Debug|Any CPU.Build.0 = Debug|Any CPU
		{EBA82F85-D93E-43E9-BC26-B95ABBA6EF69}.Release|Any CPU.ActiveCfg = Release|Any CPU
		{EBA82F85-D93E-43E9-BC26-B95ABBA6EF69}.Release|Any CPU.Build.0 = Release|Any CPU
		{8F00BE11-288C-4267-AEE7-2D4AAD2A1C38}.Debug|Any CPU.ActiveCfg = Debug|Any CPU
		{8F00BE11-288C-4267-AEE7-2D4AAD2A1C38}.Debug|Any CPU.Build.0 = Debug|Any CPU
		{8F00BE11-288C-4267-AEE7-2D4AAD2A1C38}.Release|Any CPU.ActiveCfg = Release|Any CPU
		{8F00BE11-288C-4267-AEE7-2D4AAD2A1C38}.Release|Any CPU.Build.0 = Release|Any CPU
		{B0339D54-9278-4A1C-8AEA-083949414A16}.Debug|Any CPU.ActiveCfg = Debug|Any CPU
		{B0339D54-9278-4A1C-8AEA-083949414A16}.Debug|Any CPU.Build.0 = Debug|Any CPU
		{B0339D54-9278-4A1C-8AEA-083949414A16}.Release|Any CPU.ActiveCfg = Release|Any CPU
		{B0339D54-9278-4A1C-8AEA-083949414A16}.Release|Any CPU.Build.0 = Release|Any CPU
		{B604F259-F4FC-47CE-B4E4-673A88544914}.Debug|Any CPU.ActiveCfg = Debug|Any CPU
		{B604F259-F4FC-47CE-B4E4-673A88544914}.Debug|Any CPU.Build.0 = Debug|Any CPU
		{B604F259-F4FC-47CE-B4E4-673A88544914}.Release|Any CPU.ActiveCfg = Release|Any CPU
		{B604F259-F4FC-47CE-B4E4-673A88544914}.Release|Any CPU.Build.0 = Release|Any CPU
		{53F0D625-2A3E-4BBC-9319-F3FBCC3AED7A}.Debug|Any CPU.ActiveCfg = Debug|Any CPU
		{53F0D625-2A3E-4BBC-9319-F3FBCC3AED7A}.Debug|Any CPU.Build.0 = Debug|Any CPU
		{53F0D625-2A3E-4BBC-9319-F3FBCC3AED7A}.Release|Any CPU.ActiveCfg = Release|Any CPU
		{53F0D625-2A3E-4BBC-9319-F3FBCC3AED7A}.Release|Any CPU.Build.0 = Release|Any CPU
		{99090896-8072-4492-908A-E306981F4A08}.Debug|Any CPU.ActiveCfg = Debug|Any CPU
		{99090896-8072-4492-908A-E306981F4A08}.Debug|Any CPU.Build.0 = Debug|Any CPU
		{99090896-8072-4492-908A-E306981F4A08}.Release|Any CPU.ActiveCfg = Release|Any CPU
		{99090896-8072-4492-908A-E306981F4A08}.Release|Any CPU.Build.0 = Release|Any CPU
		{226C1AD6-1EC1-4272-B982-EF05DDCCE2E6}.Debug|Any CPU.ActiveCfg = Debug|Any CPU
		{226C1AD6-1EC1-4272-B982-EF05DDCCE2E6}.Debug|Any CPU.Build.0 = Debug|Any CPU
		{226C1AD6-1EC1-4272-B982-EF05DDCCE2E6}.Release|Any CPU.ActiveCfg = Release|Any CPU
		{226C1AD6-1EC1-4272-B982-EF05DDCCE2E6}.Release|Any CPU.Build.0 = Release|Any CPU
		{12131CBF-D443-483B-85E7-26F2A4DBC50D}.Debug|Any CPU.ActiveCfg = Debug|Any CPU
		{12131CBF-D443-483B-85E7-26F2A4DBC50D}.Debug|Any CPU.Build.0 = Debug|Any CPU
		{12131CBF-D443-483B-85E7-26F2A4DBC50D}.Release|Any CPU.ActiveCfg = Release|Any CPU
		{12131CBF-D443-483B-85E7-26F2A4DBC50D}.Release|Any CPU.Build.0 = Release|Any CPU
		{18917ED2-7050-4EAA-9CCA-65E60FF48ABB}.Debug|Any CPU.ActiveCfg = Debug|Any CPU
		{18917ED2-7050-4EAA-9CCA-65E60FF48ABB}.Debug|Any CPU.Build.0 = Debug|Any CPU
		{18917ED2-7050-4EAA-9CCA-65E60FF48ABB}.Release|Any CPU.ActiveCfg = Release|Any CPU
		{18917ED2-7050-4EAA-9CCA-65E60FF48ABB}.Release|Any CPU.Build.0 = Release|Any CPU
		{E6EEDFF5-DAC6-4318-86E2-8E5A82793F02}.Debug|Any CPU.ActiveCfg = Debug|Any CPU
		{E6EEDFF5-DAC6-4318-86E2-8E5A82793F02}.Debug|Any CPU.Build.0 = Debug|Any CPU
		{E6EEDFF5-DAC6-4318-86E2-8E5A82793F02}.Release|Any CPU.ActiveCfg = Release|Any CPU
		{E6EEDFF5-DAC6-4318-86E2-8E5A82793F02}.Release|Any CPU.Build.0 = Release|Any CPU
		{959630EE-F560-45D7-866B-CF76C5DC065F}.Debug|Any CPU.ActiveCfg = Debug|Any CPU
		{959630EE-F560-45D7-866B-CF76C5DC065F}.Debug|Any CPU.Build.0 = Debug|Any CPU
		{959630EE-F560-45D7-866B-CF76C5DC065F}.Release|Any CPU.ActiveCfg = Release|Any CPU
		{959630EE-F560-45D7-866B-CF76C5DC065F}.Release|Any CPU.Build.0 = Release|Any CPU
		{8C8CA67C-9101-4BC2-A142-842584B7B2FE}.Debug|Any CPU.ActiveCfg = Debug|Any CPU
		{8C8CA67C-9101-4BC2-A142-842584B7B2FE}.Debug|Any CPU.Build.0 = Debug|Any CPU
		{8C8CA67C-9101-4BC2-A142-842584B7B2FE}.Release|Any CPU.ActiveCfg = Release|Any CPU
		{8C8CA67C-9101-4BC2-A142-842584B7B2FE}.Release|Any CPU.Build.0 = Release|Any CPU
		{1496AC25-8384-4AF2-B6B9-E4B8D2F14C87}.Debug|Any CPU.ActiveCfg = Debug|Any CPU
		{1496AC25-8384-4AF2-B6B9-E4B8D2F14C87}.Debug|Any CPU.Build.0 = Debug|Any CPU
		{1496AC25-8384-4AF2-B6B9-E4B8D2F14C87}.Release|Any CPU.ActiveCfg = Release|Any CPU
		{1496AC25-8384-4AF2-B6B9-E4B8D2F14C87}.Release|Any CPU.Build.0 = Release|Any CPU
		{D20B1CF5-3440-4CF8-8596-5E2F418A1A0A}.Debug|Any CPU.ActiveCfg = Debug|Any CPU
		{D20B1CF5-3440-4CF8-8596-5E2F418A1A0A}.Debug|Any CPU.Build.0 = Debug|Any CPU
		{D20B1CF5-3440-4CF8-8596-5E2F418A1A0A}.Release|Any CPU.ActiveCfg = Release|Any CPU
		{D20B1CF5-3440-4CF8-8596-5E2F418A1A0A}.Release|Any CPU.Build.0 = Release|Any CPU
		{20BBD5F7-4264-4547-BC63-B59F9F902A95}.Debug|Any CPU.ActiveCfg = Debug|Any CPU
		{20BBD5F7-4264-4547-BC63-B59F9F902A95}.Debug|Any CPU.Build.0 = Debug|Any CPU
		{20BBD5F7-4264-4547-BC63-B59F9F902A95}.Release|Any CPU.ActiveCfg = Release|Any CPU
		{20BBD5F7-4264-4547-BC63-B59F9F902A95}.Release|Any CPU.Build.0 = Release|Any CPU
		{2A5CA278-AB0F-4421-B9A3-0573643BCCCC}.Debug|Any CPU.ActiveCfg = Debug|Any CPU
		{2A5CA278-AB0F-4421-B9A3-0573643BCCCC}.Debug|Any CPU.Build.0 = Debug|Any CPU
		{2A5CA278-AB0F-4421-B9A3-0573643BCCCC}.Release|Any CPU.ActiveCfg = Release|Any CPU
		{2A5CA278-AB0F-4421-B9A3-0573643BCCCC}.Release|Any CPU.Build.0 = Release|Any CPU
		{103307CF-FCB5-4ED8-AD3F-8AB4CCAF75D9}.Debug|Any CPU.ActiveCfg = Debug|Any CPU
		{103307CF-FCB5-4ED8-AD3F-8AB4CCAF75D9}.Debug|Any CPU.Build.0 = Debug|Any CPU
		{103307CF-FCB5-4ED8-AD3F-8AB4CCAF75D9}.Release|Any CPU.ActiveCfg = Release|Any CPU
		{103307CF-FCB5-4ED8-AD3F-8AB4CCAF75D9}.Release|Any CPU.Build.0 = Release|Any CPU
		{F895956E-C380-4F00-99D7-FC3D12CC0B03}.Debug|Any CPU.ActiveCfg = Debug|Any CPU
		{F895956E-C380-4F00-99D7-FC3D12CC0B03}.Debug|Any CPU.Build.0 = Debug|Any CPU
		{F895956E-C380-4F00-99D7-FC3D12CC0B03}.Release|Any CPU.ActiveCfg = Release|Any CPU
		{F895956E-C380-4F00-99D7-FC3D12CC0B03}.Release|Any CPU.Build.0 = Release|Any CPU
		{4E75A4AE-56B7-49DB-802B-C96E645290BA}.Debug|Any CPU.ActiveCfg = Debug|Any CPU
		{4E75A4AE-56B7-49DB-802B-C96E645290BA}.Debug|Any CPU.Build.0 = Debug|Any CPU
		{4E75A4AE-56B7-49DB-802B-C96E645290BA}.Release|Any CPU.ActiveCfg = Release|Any CPU
		{4E75A4AE-56B7-49DB-802B-C96E645290BA}.Release|Any CPU.Build.0 = Release|Any CPU
		{903E85C6-23B7-4425-8466-EA5B8D599B8E}.Debug|Any CPU.ActiveCfg = Debug|Any CPU
		{903E85C6-23B7-4425-8466-EA5B8D599B8E}.Debug|Any CPU.Build.0 = Debug|Any CPU
		{903E85C6-23B7-4425-8466-EA5B8D599B8E}.Release|Any CPU.ActiveCfg = Release|Any CPU
		{903E85C6-23B7-4425-8466-EA5B8D599B8E}.Release|Any CPU.Build.0 = Release|Any CPU
		{574573A9-A17C-4D7C-873C-8686806AA249}.Debug|Any CPU.ActiveCfg = Debug|Any CPU
		{574573A9-A17C-4D7C-873C-8686806AA249}.Debug|Any CPU.Build.0 = Debug|Any CPU
		{574573A9-A17C-4D7C-873C-8686806AA249}.Release|Any CPU.ActiveCfg = Release|Any CPU
		{574573A9-A17C-4D7C-873C-8686806AA249}.Release|Any CPU.Build.0 = Release|Any CPU
		{5F3D9EDF-6310-49CE-8AC3-0B4A683A5F5D}.Debug|Any CPU.ActiveCfg = Debug|Any CPU
		{5F3D9EDF-6310-49CE-8AC3-0B4A683A5F5D}.Debug|Any CPU.Build.0 = Debug|Any CPU
		{5F3D9EDF-6310-49CE-8AC3-0B4A683A5F5D}.Release|Any CPU.ActiveCfg = Release|Any CPU
		{5F3D9EDF-6310-49CE-8AC3-0B4A683A5F5D}.Release|Any CPU.Build.0 = Release|Any CPU
		{CA980726-72C6-4455-B5C3-DE9829939EEA}.Debug|Any CPU.ActiveCfg = Debug|Any CPU
		{CA980726-72C6-4455-B5C3-DE9829939EEA}.Debug|Any CPU.Build.0 = Debug|Any CPU
		{CA980726-72C6-4455-B5C3-DE9829939EEA}.Release|Any CPU.ActiveCfg = Release|Any CPU
		{CA980726-72C6-4455-B5C3-DE9829939EEA}.Release|Any CPU.Build.0 = Release|Any CPU
		{377B9A04-B854-4F28-89FB-CD8AE8617D8B}.Debug|Any CPU.ActiveCfg = Debug|Any CPU
		{377B9A04-B854-4F28-89FB-CD8AE8617D8B}.Debug|Any CPU.Build.0 = Debug|Any CPU
		{377B9A04-B854-4F28-89FB-CD8AE8617D8B}.Release|Any CPU.ActiveCfg = Release|Any CPU
		{377B9A04-B854-4F28-89FB-CD8AE8617D8B}.Release|Any CPU.Build.0 = Release|Any CPU
		{F61513D2-6656-4AB0-9B58-2681A552A5B1}.Debug|Any CPU.ActiveCfg = Debug|Any CPU
		{F61513D2-6656-4AB0-9B58-2681A552A5B1}.Debug|Any CPU.Build.0 = Debug|Any CPU
		{F61513D2-6656-4AB0-9B58-2681A552A5B1}.Release|Any CPU.ActiveCfg = Release|Any CPU
		{F61513D2-6656-4AB0-9B58-2681A552A5B1}.Release|Any CPU.Build.0 = Release|Any CPU
		{50A827B7-F98D-484B-A84F-12692B2EF550}.Debug|Any CPU.ActiveCfg = Debug|Any CPU
		{50A827B7-F98D-484B-A84F-12692B2EF550}.Debug|Any CPU.Build.0 = Debug|Any CPU
		{50A827B7-F98D-484B-A84F-12692B2EF550}.Release|Any CPU.ActiveCfg = Release|Any CPU
		{50A827B7-F98D-484B-A84F-12692B2EF550}.Release|Any CPU.Build.0 = Release|Any CPU
		{C5193654-63D8-49C3-8FBA-A0A6EB1D25C4}.Debug|Any CPU.ActiveCfg = Debug|Any CPU
		{C5193654-63D8-49C3-8FBA-A0A6EB1D25C4}.Debug|Any CPU.Build.0 = Debug|Any CPU
		{C5193654-63D8-49C3-8FBA-A0A6EB1D25C4}.Release|Any CPU.ActiveCfg = Release|Any CPU
		{C5193654-63D8-49C3-8FBA-A0A6EB1D25C4}.Release|Any CPU.Build.0 = Release|Any CPU
		{89DDD646-7C09-4F09-982B-97E5C81D9590}.Debug|Any CPU.ActiveCfg = Debug|Any CPU
		{89DDD646-7C09-4F09-982B-97E5C81D9590}.Debug|Any CPU.Build.0 = Debug|Any CPU
		{89DDD646-7C09-4F09-982B-97E5C81D9590}.Release|Any CPU.ActiveCfg = Release|Any CPU
		{89DDD646-7C09-4F09-982B-97E5C81D9590}.Release|Any CPU.Build.0 = Release|Any CPU
		{670403E1-83C1-48E6-B57B-706840D5E2F8}.Debug|Any CPU.ActiveCfg = Debug|Any CPU
		{670403E1-83C1-48E6-B57B-706840D5E2F8}.Debug|Any CPU.Build.0 = Debug|Any CPU
		{670403E1-83C1-48E6-B57B-706840D5E2F8}.Release|Any CPU.ActiveCfg = Release|Any CPU
		{670403E1-83C1-48E6-B57B-706840D5E2F8}.Release|Any CPU.Build.0 = Release|Any CPU
		{DA575F25-5AB2-47F7-82F2-E794BAD379EF}.Debug|Any CPU.ActiveCfg = Debug|Any CPU
		{DA575F25-5AB2-47F7-82F2-E794BAD379EF}.Debug|Any CPU.Build.0 = Debug|Any CPU
		{DA575F25-5AB2-47F7-82F2-E794BAD379EF}.Release|Any CPU.ActiveCfg = Release|Any CPU
		{DA575F25-5AB2-47F7-82F2-E794BAD379EF}.Release|Any CPU.Build.0 = Release|Any CPU
		{7AEF2898-4D5C-4800-AC89-5C53D6B31CAF}.Debug|Any CPU.ActiveCfg = Debug|Any CPU
		{7AEF2898-4D5C-4800-AC89-5C53D6B31CAF}.Debug|Any CPU.Build.0 = Debug|Any CPU
		{7AEF2898-4D5C-4800-AC89-5C53D6B31CAF}.Release|Any CPU.ActiveCfg = Release|Any CPU
		{7AEF2898-4D5C-4800-AC89-5C53D6B31CAF}.Release|Any CPU.Build.0 = Release|Any CPU
		{3C65D931-8327-44E2-8E87-7788E411BB2D}.Debug|Any CPU.ActiveCfg = Debug|Any CPU
		{3C65D931-8327-44E2-8E87-7788E411BB2D}.Debug|Any CPU.Build.0 = Debug|Any CPU
		{3C65D931-8327-44E2-8E87-7788E411BB2D}.Release|Any CPU.ActiveCfg = Release|Any CPU
		{3C65D931-8327-44E2-8E87-7788E411BB2D}.Release|Any CPU.Build.0 = Release|Any CPU
		{BF0DCB2B-7B12-4F90-9C96-7C0838358667}.Debug|Any CPU.ActiveCfg = Debug|Any CPU
		{BF0DCB2B-7B12-4F90-9C96-7C0838358667}.Debug|Any CPU.Build.0 = Debug|Any CPU
		{BF0DCB2B-7B12-4F90-9C96-7C0838358667}.Release|Any CPU.ActiveCfg = Release|Any CPU
		{BF0DCB2B-7B12-4F90-9C96-7C0838358667}.Release|Any CPU.Build.0 = Release|Any CPU
		{418FCB4C-5191-4079-8EF0-75601487E0E4}.Debug|Any CPU.ActiveCfg = Debug|Any CPU
		{418FCB4C-5191-4079-8EF0-75601487E0E4}.Debug|Any CPU.Build.0 = Debug|Any CPU
		{418FCB4C-5191-4079-8EF0-75601487E0E4}.Release|Any CPU.ActiveCfg = Release|Any CPU
		{418FCB4C-5191-4079-8EF0-75601487E0E4}.Release|Any CPU.Build.0 = Release|Any CPU
		{3E335124-BBD9-4923-BD67-4616F39BB4AF}.Debug|Any CPU.ActiveCfg = Debug|Any CPU
		{3E335124-BBD9-4923-BD67-4616F39BB4AF}.Debug|Any CPU.Build.0 = Debug|Any CPU
		{3E335124-BBD9-4923-BD67-4616F39BB4AF}.Release|Any CPU.ActiveCfg = Release|Any CPU
		{3E335124-BBD9-4923-BD67-4616F39BB4AF}.Release|Any CPU.Build.0 = Release|Any CPU
		{5FF08F4F-2EAE-46A8-9075-186F08B5FB53}.Debug|Any CPU.ActiveCfg = Debug|Any CPU
		{5FF08F4F-2EAE-46A8-9075-186F08B5FB53}.Debug|Any CPU.Build.0 = Debug|Any CPU
		{5FF08F4F-2EAE-46A8-9075-186F08B5FB53}.Release|Any CPU.ActiveCfg = Release|Any CPU
		{5FF08F4F-2EAE-46A8-9075-186F08B5FB53}.Release|Any CPU.Build.0 = Release|Any CPU
		{B94D194F-2BB1-4A00-9E35-1EF993C71433}.Debug|Any CPU.ActiveCfg = Debug|Any CPU
		{B94D194F-2BB1-4A00-9E35-1EF993C71433}.Debug|Any CPU.Build.0 = Debug|Any CPU
		{B94D194F-2BB1-4A00-9E35-1EF993C71433}.Release|Any CPU.ActiveCfg = Release|Any CPU
		{B94D194F-2BB1-4A00-9E35-1EF993C71433}.Release|Any CPU.Build.0 = Release|Any CPU
		{D86C860C-0D13-4A32-B527-51A7A77CF9FE}.Debug|Any CPU.ActiveCfg = Debug|Any CPU
		{D86C860C-0D13-4A32-B527-51A7A77CF9FE}.Debug|Any CPU.Build.0 = Debug|Any CPU
		{D86C860C-0D13-4A32-B527-51A7A77CF9FE}.Release|Any CPU.ActiveCfg = Release|Any CPU
		{D86C860C-0D13-4A32-B527-51A7A77CF9FE}.Release|Any CPU.Build.0 = Release|Any CPU
		{23DC9ED3-1940-4FA4-B28D-C351D7B5386D}.Debug|Any CPU.ActiveCfg = Debug|Any CPU
		{23DC9ED3-1940-4FA4-B28D-C351D7B5386D}.Debug|Any CPU.Build.0 = Debug|Any CPU
		{23DC9ED3-1940-4FA4-B28D-C351D7B5386D}.Release|Any CPU.ActiveCfg = Release|Any CPU
		{23DC9ED3-1940-4FA4-B28D-C351D7B5386D}.Release|Any CPU.Build.0 = Release|Any CPU
		{DD9F8547-066B-4BB0-A4EA-DB287C446CD2}.Debug|Any CPU.ActiveCfg = Debug|Any CPU
		{DD9F8547-066B-4BB0-A4EA-DB287C446CD2}.Debug|Any CPU.Build.0 = Debug|Any CPU
		{DD9F8547-066B-4BB0-A4EA-DB287C446CD2}.Release|Any CPU.ActiveCfg = Release|Any CPU
		{DD9F8547-066B-4BB0-A4EA-DB287C446CD2}.Release|Any CPU.Build.0 = Release|Any CPU
	EndGlobalSection
	GlobalSection(SolutionProperties) = preSolution
		HideSolutionNode = FALSE
	EndGlobalSection
	GlobalSection(NestedProjects) = preSolution
		{93E185D0-7DA1-4BFC-B9AC-CBE177AC570D} = {9BDA00AB-E18D-4382-A944-EA714E7A30B6}
		{A3649281-F197-41C3-B9A1-FAAA9492A30B} = {93E185D0-7DA1-4BFC-B9AC-CBE177AC570D}
		{C50A7383-E4A0-4BDE-A596-5B9C91DEF0A7} = {122963A3-56D2-4284-A818-F810CD071925}
		{B9A62881-F4D6-4F3A-AF86-9F70BDD48608} = {93E185D0-7DA1-4BFC-B9AC-CBE177AC570D}
		{83B0E553-6160-4C5C-B6D3-2202C1765B28} = {93E185D0-7DA1-4BFC-B9AC-CBE177AC570D}
		{0D2C4571-A5DF-4450-A190-46C2E27CA7B8} = {93E185D0-7DA1-4BFC-B9AC-CBE177AC570D}
		{78E3DB97-C71C-4900-95F6-B6FFDA5D66DA} = {93E185D0-7DA1-4BFC-B9AC-CBE177AC570D}
		{1391D26B-ACE4-412B-AD8E-894C461263ED} = {93E185D0-7DA1-4BFC-B9AC-CBE177AC570D}
		{9011CA20-0AB6-492F-BAEF-4862B641884F} = {93E185D0-7DA1-4BFC-B9AC-CBE177AC570D}
		{6F5B0F0B-10AF-4870-9913-ACB3286931D9} = {93E185D0-7DA1-4BFC-B9AC-CBE177AC570D}
		{E7AFB526-3EF5-4B32-A9C0-93EFF79E2EC6} = {93E185D0-7DA1-4BFC-B9AC-CBE177AC570D}
		{4D843923-7791-47CA-BF37-4E11EFC4A73D} = {46A712A1-9B16-4D6D-9135-A9D708C9CA69}
		{7B2AD54E-7219-4729-A80B-6DEB51EA005C} = {93E185D0-7DA1-4BFC-B9AC-CBE177AC570D}
		{CA64E363-BA41-44C7-A40B-A37C9979346A} = {93E185D0-7DA1-4BFC-B9AC-CBE177AC570D}
		{80870F3F-40DA-46FD-B3F3-DD3FE4B30C96} = {9BDA00AB-E18D-4382-A944-EA714E7A30B6}
		{B0339D54-9278-4A1C-8AEA-083949414A16} = {80870F3F-40DA-46FD-B3F3-DD3FE4B30C96}
		{B604F259-F4FC-47CE-B4E4-673A88544914} = {80870F3F-40DA-46FD-B3F3-DD3FE4B30C96}
		{53F0D625-2A3E-4BBC-9319-F3FBCC3AED7A} = {80870F3F-40DA-46FD-B3F3-DD3FE4B30C96}
		{99090896-8072-4492-908A-E306981F4A08} = {80870F3F-40DA-46FD-B3F3-DD3FE4B30C96}
		{226C1AD6-1EC1-4272-B982-EF05DDCCE2E6} = {80870F3F-40DA-46FD-B3F3-DD3FE4B30C96}
		{12131CBF-D443-483B-85E7-26F2A4DBC50D} = {80870F3F-40DA-46FD-B3F3-DD3FE4B30C96}
		{18917ED2-7050-4EAA-9CCA-65E60FF48ABB} = {80870F3F-40DA-46FD-B3F3-DD3FE4B30C96}
		{E6EEDFF5-DAC6-4318-86E2-8E5A82793F02} = {80870F3F-40DA-46FD-B3F3-DD3FE4B30C96}
		{959630EE-F560-45D7-866B-CF76C5DC065F} = {80870F3F-40DA-46FD-B3F3-DD3FE4B30C96}
		{FDD78610-8AD2-4384-9DA1-5D0074CA336F} = {9BDA00AB-E18D-4382-A944-EA714E7A30B6}
		{8C8CA67C-9101-4BC2-A142-842584B7B2FE} = {FDD78610-8AD2-4384-9DA1-5D0074CA336F}
		{1496AC25-8384-4AF2-B6B9-E4B8D2F14C87} = {FDD78610-8AD2-4384-9DA1-5D0074CA336F}
		{D20B1CF5-3440-4CF8-8596-5E2F418A1A0A} = {FDD78610-8AD2-4384-9DA1-5D0074CA336F}
		{20BBD5F7-4264-4547-BC63-B59F9F902A95} = {FDD78610-8AD2-4384-9DA1-5D0074CA336F}
		{2A5CA278-AB0F-4421-B9A3-0573643BCCCC} = {FDD78610-8AD2-4384-9DA1-5D0074CA336F}
		{103307CF-FCB5-4ED8-AD3F-8AB4CCAF75D9} = {FDD78610-8AD2-4384-9DA1-5D0074CA336F}
		{EA06334F-7A9F-411D-8AA0-CF3268CD14E8} = {9BDA00AB-E18D-4382-A944-EA714E7A30B6}
		{F895956E-C380-4F00-99D7-FC3D12CC0B03} = {EA06334F-7A9F-411D-8AA0-CF3268CD14E8}
		{4E75A4AE-56B7-49DB-802B-C96E645290BA} = {EA06334F-7A9F-411D-8AA0-CF3268CD14E8}
		{903E85C6-23B7-4425-8466-EA5B8D599B8E} = {EA06334F-7A9F-411D-8AA0-CF3268CD14E8}
		{574573A9-A17C-4D7C-873C-8686806AA249} = {EA06334F-7A9F-411D-8AA0-CF3268CD14E8}
		{5F3D9EDF-6310-49CE-8AC3-0B4A683A5F5D} = {EA06334F-7A9F-411D-8AA0-CF3268CD14E8}
		{2B87C11B-BFB0-4382-8AD5-035BC8F86D49} = {9BDA00AB-E18D-4382-A944-EA714E7A30B6}
		{CA980726-72C6-4455-B5C3-DE9829939EEA} = {2B87C11B-BFB0-4382-8AD5-035BC8F86D49}
		{377B9A04-B854-4F28-89FB-CD8AE8617D8B} = {2B87C11B-BFB0-4382-8AD5-035BC8F86D49}
		{18831E01-D1BE-4B7E-9DDB-977C21EB310C} = {9BDA00AB-E18D-4382-A944-EA714E7A30B6}
		{F61513D2-6656-4AB0-9B58-2681A552A5B1} = {18831E01-D1BE-4B7E-9DDB-977C21EB310C}
		{50A827B7-F98D-484B-A84F-12692B2EF550} = {18831E01-D1BE-4B7E-9DDB-977C21EB310C}
		{89DDD646-7C09-4F09-982B-97E5C81D9590} = {18831E01-D1BE-4B7E-9DDB-977C21EB310C}
		{670403E1-83C1-48E6-B57B-706840D5E2F8} = {18831E01-D1BE-4B7E-9DDB-977C21EB310C}
		{A368FB87-B7CD-42EE-8C5D-CB2EFF719F69} = {9BDA00AB-E18D-4382-A944-EA714E7A30B6}
		{DA575F25-5AB2-47F7-82F2-E794BAD379EF} = {A368FB87-B7CD-42EE-8C5D-CB2EFF719F69}
		{7AEF2898-4D5C-4800-AC89-5C53D6B31CAF} = {A368FB87-B7CD-42EE-8C5D-CB2EFF719F69}
		{078455F3-B124-4B06-8752-3DCC672CE5B6} = {9BDA00AB-E18D-4382-A944-EA714E7A30B6}
		{3C65D931-8327-44E2-8E87-7788E411BB2D} = {078455F3-B124-4B06-8752-3DCC672CE5B6}
		{BF0DCB2B-7B12-4F90-9C96-7C0838358667} = {078455F3-B124-4B06-8752-3DCC672CE5B6}
		{418FCB4C-5191-4079-8EF0-75601487E0E4} = {078455F3-B124-4B06-8752-3DCC672CE5B6}
		{9EE6F391-76FF-4F88-8E89-47D8CF5C355A} = {9BDA00AB-E18D-4382-A944-EA714E7A30B6}
		{3E335124-BBD9-4923-BD67-4616F39BB4AF} = {9EE6F391-76FF-4F88-8E89-47D8CF5C355A}
		{5FF08F4F-2EAE-46A8-9075-186F08B5FB53} = {9EE6F391-76FF-4F88-8E89-47D8CF5C355A}
		{B94D194F-2BB1-4A00-9E35-1EF993C71433} = {9EE6F391-76FF-4F88-8E89-47D8CF5C355A}
		{D86C860C-0D13-4A32-B527-51A7A77CF9FE} = {9EE6F391-76FF-4F88-8E89-47D8CF5C355A}
		{23DC9ED3-1940-4FA4-B28D-C351D7B5386D} = {078455F3-B124-4B06-8752-3DCC672CE5B6}
		{DD9F8547-066B-4BB0-A4EA-DB287C446CD2} = {9EE6F391-76FF-4F88-8E89-47D8CF5C355A}
	EndGlobalSection
	GlobalSection(ExtensibilityGlobals) = postSolution
		SolutionGuid = {0A96E17D-AA6B-453C-BDE6-A74EEF471CE0}
	EndGlobalSection
EndGlobal
