
Microsoft Visual Studio Solution File, Format Version 12.00
# Visual Studio Version 16
VisualStudioVersion = 16.0.29102.190
MinimumVisualStudioVersion = 10.0.40219.1
Project("{FAE04EC0-301F-11D3-BF4B-00C04F79EFBC}") = "TwoSum", "TwoSum\TwoSum.csproj", "{808717CD-093C-4727-9EFB-772D52E4FE75}"
EndProject
Project("{FAE04EC0-301F-11D3-BF4B-00C04F79EFBC}") = "AddTwoNumbers", "AddTwoNumbers\AddTwoNumbers.csproj", "{BD54EAA6-DDD0-436A-88F1-F9FF169DA698}"
EndProject
Project("{2150E333-8FDC-42A3-9474-1A3956D46DE8}") = "InterviewQuestions", "InterviewQuestions", "{9BDA00AB-E18D-4382-A944-EA714E7A30B6}"
EndProject
Project("{2150E333-8FDC-42A3-9474-1A3956D46DE8}") = "Array", "Array", "{93E185D0-7DA1-4BFC-B9AC-CBE177AC570D}"
EndProject
Project("{FAE04EC0-301F-11D3-BF4B-00C04F79EFBC}") = "RemoveDuplicatesFromSortedArray", "InterviewQuestions\Array\RemoveDuplicatesFromSortedArray\RemoveDuplicatesFromSortedArray.csproj", "{A3649281-F197-41C3-B9A1-FAAA9492A30B}"
EndProject
Project("{2150E333-8FDC-42A3-9474-1A3956D46DE8}") = "Concurrency", "Concurrency", "{122963A3-56D2-4284-A818-F810CD071925}"
EndProject
Project("{FAE04EC0-301F-11D3-BF4B-00C04F79EFBC}") = "PrintInOrder", "Concurrency\PrintInOrder\PrintInOrder.csproj", "{C50A7383-E4A0-4BDE-A596-5B9C91DEF0A7}"
EndProject
Project("{FAE04EC0-301F-11D3-BF4B-00C04F79EFBC}") = "BestTimeToBuyAndSellStock", "InterviewQuestions\Array\BestTimeToBuyAndSellStock\BestTimeToBuyAndSellStock.csproj", "{B9A62881-F4D6-4F3A-AF86-9F70BDD48608}"
EndProject
Project("{9A19103F-16F7-4668-BE54-9A1E7A4F7556}") = "RotateArray", "InterviewQuestions\Array\RotateArray\RotateArray.csproj", "{83B0E553-6160-4C5C-B6D3-2202C1765B28}"
EndProject
Project("{FAE04EC0-301F-11D3-BF4B-00C04F79EFBC}") = "ContainsDuplicate", "InterviewQuestions\Array\ContainsDuplicate\ContainsDuplicate.csproj", "{0D2C4571-A5DF-4450-A190-46C2E27CA7B8}"
EndProject
Project("{FAE04EC0-301F-11D3-BF4B-00C04F79EFBC}") = "SingleNumber", "InterviewQuestions\Array\SingleNumber\SingleNumber.csproj", "{78E3DB97-C71C-4900-95F6-B6FFDA5D66DA}"
EndProject
Project("{FAE04EC0-301F-11D3-BF4B-00C04F79EFBC}") = "IntersectionOfTwoArrays2", "InterviewQuestions\Array\IntersectionOfTwoArrays2\IntersectionOfTwoArrays2.csproj", "{1391D26B-ACE4-412B-AD8E-894C461263ED}"
EndProject
Project("{FAE04EC0-301F-11D3-BF4B-00C04F79EFBC}") = "PlusOne", "InterviewQuestions\Array\PlusOne\PlusOne.csproj", "{9011CA20-0AB6-492F-BAEF-4862B641884F}"
EndProject
Project("{FAE04EC0-301F-11D3-BF4B-00C04F79EFBC}") = "MoveZeros", "InterviewQuestions\Array\MoveZeros\MoveZeros.csproj", "{6F5B0F0B-10AF-4870-9913-ACB3286931D9}"
EndProject
Project("{FAE04EC0-301F-11D3-BF4B-00C04F79EFBC}") = "TwoSum", "InterviewQuestions\Array\TwoSum\TwoSum.csproj", "{E7AFB526-3EF5-4B32-A9C0-93EFF79E2EC6}"
EndProject
Project("{2150E333-8FDC-42A3-9474-1A3956D46DE8}") = "!Utilities", "!Utilities", "{46A712A1-9B16-4D6D-9135-A9D708C9CA69}"
EndProject
Project("{9A19103F-16F7-4668-BE54-9A1E7A4F7556}") = "Utility", "Utility\Utility.csproj", "{4D843923-7791-47CA-BF37-4E11EFC4A73D}"
EndProject
Project("{FAE04EC0-301F-11D3-BF4B-00C04F79EFBC}") = "ValidSudoku", "InterviewQuestions\Array\ValidSudoku\ValidSudoku.csproj", "{7B2AD54E-7219-4729-A80B-6DEB51EA005C}"
EndProject
Project("{FAE04EC0-301F-11D3-BF4B-00C04F79EFBC}") = "RotateImage", "InterviewQuestions\Array\RotateImage\RotateImage.csproj", "{CA64E363-BA41-44C7-A40B-A37C9979346A}"
EndProject
Project("{FAE04EC0-301F-11D3-BF4B-00C04F79EFBC}") = "LowestCommonAncestor", "LowestCommonAncestor\LowestCommonAncestor.csproj", "{EBA82F85-D93E-43E9-BC26-B95ABBA6EF69}"
EndProject
Project("{FAE04EC0-301F-11D3-BF4B-00C04F79EFBC}") = "WordSearch2", "WordSearch2\WordSearch2.csproj", "{8F00BE11-288C-4267-AEE7-2D4AAD2A1C38}"
EndProject
Project("{2150E333-8FDC-42A3-9474-1A3956D46DE8}") = "Strings", "Strings", "{80870F3F-40DA-46FD-B3F3-DD3FE4B30C96}"
EndProject
Project("{9A19103F-16F7-4668-BE54-9A1E7A4F7556}") = "ReverseString", "InterviewQuestions\Strings\ReverseString\ReverseString.csproj", "{B0339D54-9278-4A1C-8AEA-083949414A16}"
EndProject
Project("{9A19103F-16F7-4668-BE54-9A1E7A4F7556}") = "ReverseInteger", "InterviewQuestions\Strings\ReverseInteger\ReverseInteger.csproj", "{B604F259-F4FC-47CE-B4E4-673A88544914}"
EndProject
Project("{9A19103F-16F7-4668-BE54-9A1E7A4F7556}") = "FirstUniqueCharacterInAString", "InterviewQuestions\Strings\FirstUniqueCharacterInAString\FirstUniqueCharacterInAString.csproj", "{53F0D625-2A3E-4BBC-9319-F3FBCC3AED7A}"
EndProject
Project("{9A19103F-16F7-4668-BE54-9A1E7A4F7556}") = "ValidAnagram", "InterviewQuestions\Strings\ValidAnagram\ValidAnagram.csproj", "{99090896-8072-4492-908A-E306981F4A08}"
EndProject
Project("{9A19103F-16F7-4668-BE54-9A1E7A4F7556}") = "ValidPalindrome", "InterviewQuestions\Strings\ValidPalindrome\ValidPalindrome.csproj", "{226C1AD6-1EC1-4272-B982-EF05DDCCE2E6}"
EndProject
Project("{9A19103F-16F7-4668-BE54-9A1E7A4F7556}") = "StringToInteger", "InterviewQuestions\Strings\StringToInteger\StringToInteger.csproj", "{12131CBF-D443-483B-85E7-26F2A4DBC50D}"
EndProject
Project("{9A19103F-16F7-4668-BE54-9A1E7A4F7556}") = "StrStr", "InterviewQuestions\Strings\StrStr\StrStr.csproj", "{18917ED2-7050-4EAA-9CCA-65E60FF48ABB}"
EndProject
Project("{9A19103F-16F7-4668-BE54-9A1E7A4F7556}") = "CountAndSay", "InterviewQuestions\Strings\CountAndSay\CountAndSay.csproj", "{E6EEDFF5-DAC6-4318-86E2-8E5A82793F02}"
EndProject
Project("{9A19103F-16F7-4668-BE54-9A1E7A4F7556}") = "LongestCommonPrefix", "InterviewQuestions\Strings\LongestCommonPrefix\LongestCommonPrefix.csproj", "{959630EE-F560-45D7-866B-CF76C5DC065F}"
EndProject
Project("{2150E333-8FDC-42A3-9474-1A3956D46DE8}") = "LinkedList", "LinkedList", "{FDD78610-8AD2-4384-9DA1-5D0074CA336F}"
EndProject
Project("{9A19103F-16F7-4668-BE54-9A1E7A4F7556}") = "DeleteNodeInLinkedList", "InterviewQuestions\LinkedList\DeleteNodeInLinkedList\DeleteNodeInLinkedList.csproj", "{8C8CA67C-9101-4BC2-A142-842584B7B2FE}"
EndProject
Project("{9A19103F-16F7-4668-BE54-9A1E7A4F7556}") = "RemoveNthNodeFromEndOfList", "InterviewQuestions\LinkedList\RemoveNthNodeFromEndOfList\RemoveNthNodeFromEndOfList\RemoveNthNodeFromEndOfList.csproj", "{1496AC25-8384-4AF2-B6B9-E4B8D2F14C87}"
EndProject
Project("{9A19103F-16F7-4668-BE54-9A1E7A4F7556}") = "ReverseLinkedList", "InterviewQuestions\LinkedList\RerverseLinkedList\ConsoleApp1\ReverseLinkedList.csproj", "{D20B1CF5-3440-4CF8-8596-5E2F418A1A0A}"
EndProject
Project("{9A19103F-16F7-4668-BE54-9A1E7A4F7556}") = "MergeTwoSortedLists", "InterviewQuestions\LinkedList\MergeTwoSortedLists\MergeTwoSortedLists.csproj", "{20BBD5F7-4264-4547-BC63-B59F9F902A95}"
EndProject
Project("{9A19103F-16F7-4668-BE54-9A1E7A4F7556}") = "PalindromeLinkedList", "InterviewQuestions\LinkedList\PalindromeLinkedList\PalindromeLinkedList.csproj", "{2A5CA278-AB0F-4421-B9A3-0573643BCCCC}"
EndProject
Project("{FAE04EC0-301F-11D3-BF4B-00C04F79EFBC}") = "LinkedListCycle", "InterviewQuestions\LinkedList\LinkedListCycle\LinkedListCycle.csproj", "{103307CF-FCB5-4ED8-AD3F-8AB4CCAF75D9}"
EndProject
Global
	GlobalSection(SolutionConfigurationPlatforms) = preSolution
		Debug|Any CPU = Debug|Any CPU
		Release|Any CPU = Release|Any CPU
	EndGlobalSection
	GlobalSection(ProjectConfigurationPlatforms) = postSolution
		{808717CD-093C-4727-9EFB-772D52E4FE75}.Debug|Any CPU.ActiveCfg = Debug|Any CPU
		{808717CD-093C-4727-9EFB-772D52E4FE75}.Debug|Any CPU.Build.0 = Debug|Any CPU
		{808717CD-093C-4727-9EFB-772D52E4FE75}.Release|Any CPU.ActiveCfg = Release|Any CPU
		{808717CD-093C-4727-9EFB-772D52E4FE75}.Release|Any CPU.Build.0 = Release|Any CPU
		{BD54EAA6-DDD0-436A-88F1-F9FF169DA698}.Debug|Any CPU.ActiveCfg = Debug|Any CPU
		{BD54EAA6-DDD0-436A-88F1-F9FF169DA698}.Debug|Any CPU.Build.0 = Debug|Any CPU
		{BD54EAA6-DDD0-436A-88F1-F9FF169DA698}.Release|Any CPU.ActiveCfg = Release|Any CPU
		{BD54EAA6-DDD0-436A-88F1-F9FF169DA698}.Release|Any CPU.Build.0 = Release|Any CPU
		{A3649281-F197-41C3-B9A1-FAAA9492A30B}.Debug|Any CPU.ActiveCfg = Debug|Any CPU
		{A3649281-F197-41C3-B9A1-FAAA9492A30B}.Debug|Any CPU.Build.0 = Debug|Any CPU
		{A3649281-F197-41C3-B9A1-FAAA9492A30B}.Release|Any CPU.ActiveCfg = Release|Any CPU
		{A3649281-F197-41C3-B9A1-FAAA9492A30B}.Release|Any CPU.Build.0 = Release|Any CPU
		{C50A7383-E4A0-4BDE-A596-5B9C91DEF0A7}.Debug|Any CPU.ActiveCfg = Debug|Any CPU
		{C50A7383-E4A0-4BDE-A596-5B9C91DEF0A7}.Debug|Any CPU.Build.0 = Debug|Any CPU
		{C50A7383-E4A0-4BDE-A596-5B9C91DEF0A7}.Release|Any CPU.ActiveCfg = Release|Any CPU
		{C50A7383-E4A0-4BDE-A596-5B9C91DEF0A7}.Release|Any CPU.Build.0 = Release|Any CPU
		{B9A62881-F4D6-4F3A-AF86-9F70BDD48608}.Debug|Any CPU.ActiveCfg = Debug|Any CPU
		{B9A62881-F4D6-4F3A-AF86-9F70BDD48608}.Debug|Any CPU.Build.0 = Debug|Any CPU
		{B9A62881-F4D6-4F3A-AF86-9F70BDD48608}.Release|Any CPU.ActiveCfg = Release|Any CPU
		{B9A62881-F4D6-4F3A-AF86-9F70BDD48608}.Release|Any CPU.Build.0 = Release|Any CPU
		{83B0E553-6160-4C5C-B6D3-2202C1765B28}.Debug|Any CPU.ActiveCfg = Debug|Any CPU
		{83B0E553-6160-4C5C-B6D3-2202C1765B28}.Debug|Any CPU.Build.0 = Debug|Any CPU
		{83B0E553-6160-4C5C-B6D3-2202C1765B28}.Release|Any CPU.ActiveCfg = Release|Any CPU
		{83B0E553-6160-4C5C-B6D3-2202C1765B28}.Release|Any CPU.Build.0 = Release|Any CPU
		{0D2C4571-A5DF-4450-A190-46C2E27CA7B8}.Debug|Any CPU.ActiveCfg = Debug|Any CPU
		{0D2C4571-A5DF-4450-A190-46C2E27CA7B8}.Debug|Any CPU.Build.0 = Debug|Any CPU
		{0D2C4571-A5DF-4450-A190-46C2E27CA7B8}.Release|Any CPU.ActiveCfg = Release|Any CPU
		{0D2C4571-A5DF-4450-A190-46C2E27CA7B8}.Release|Any CPU.Build.0 = Release|Any CPU
		{78E3DB97-C71C-4900-95F6-B6FFDA5D66DA}.Debug|Any CPU.ActiveCfg = Debug|Any CPU
		{78E3DB97-C71C-4900-95F6-B6FFDA5D66DA}.Debug|Any CPU.Build.0 = Debug|Any CPU
		{78E3DB97-C71C-4900-95F6-B6FFDA5D66DA}.Release|Any CPU.ActiveCfg = Release|Any CPU
		{78E3DB97-C71C-4900-95F6-B6FFDA5D66DA}.Release|Any CPU.Build.0 = Release|Any CPU
		{1391D26B-ACE4-412B-AD8E-894C461263ED}.Debug|Any CPU.ActiveCfg = Debug|Any CPU
		{1391D26B-ACE4-412B-AD8E-894C461263ED}.Debug|Any CPU.Build.0 = Debug|Any CPU
		{1391D26B-ACE4-412B-AD8E-894C461263ED}.Release|Any CPU.ActiveCfg = Release|Any CPU
		{1391D26B-ACE4-412B-AD8E-894C461263ED}.Release|Any CPU.Build.0 = Release|Any CPU
		{9011CA20-0AB6-492F-BAEF-4862B641884F}.Debug|Any CPU.ActiveCfg = Debug|Any CPU
		{9011CA20-0AB6-492F-BAEF-4862B641884F}.Debug|Any CPU.Build.0 = Debug|Any CPU
		{9011CA20-0AB6-492F-BAEF-4862B641884F}.Release|Any CPU.ActiveCfg = Release|Any CPU
		{9011CA20-0AB6-492F-BAEF-4862B641884F}.Release|Any CPU.Build.0 = Release|Any CPU
		{6F5B0F0B-10AF-4870-9913-ACB3286931D9}.Debug|Any CPU.ActiveCfg = Debug|Any CPU
		{6F5B0F0B-10AF-4870-9913-ACB3286931D9}.Debug|Any CPU.Build.0 = Debug|Any CPU
		{6F5B0F0B-10AF-4870-9913-ACB3286931D9}.Release|Any CPU.ActiveCfg = Release|Any CPU
		{6F5B0F0B-10AF-4870-9913-ACB3286931D9}.Release|Any CPU.Build.0 = Release|Any CPU
		{E7AFB526-3EF5-4B32-A9C0-93EFF79E2EC6}.Debug|Any CPU.ActiveCfg = Debug|Any CPU
		{E7AFB526-3EF5-4B32-A9C0-93EFF79E2EC6}.Debug|Any CPU.Build.0 = Debug|Any CPU
		{E7AFB526-3EF5-4B32-A9C0-93EFF79E2EC6}.Release|Any CPU.ActiveCfg = Release|Any CPU
		{E7AFB526-3EF5-4B32-A9C0-93EFF79E2EC6}.Release|Any CPU.Build.0 = Release|Any CPU
		{4D843923-7791-47CA-BF37-4E11EFC4A73D}.Debug|Any CPU.ActiveCfg = Debug|Any CPU
		{4D843923-7791-47CA-BF37-4E11EFC4A73D}.Debug|Any CPU.Build.0 = Debug|Any CPU
		{4D843923-7791-47CA-BF37-4E11EFC4A73D}.Release|Any CPU.ActiveCfg = Release|Any CPU
		{4D843923-7791-47CA-BF37-4E11EFC4A73D}.Release|Any CPU.Build.0 = Release|Any CPU
		{7B2AD54E-7219-4729-A80B-6DEB51EA005C}.Debug|Any CPU.ActiveCfg = Debug|Any CPU
		{7B2AD54E-7219-4729-A80B-6DEB51EA005C}.Debug|Any CPU.Build.0 = Debug|Any CPU
		{7B2AD54E-7219-4729-A80B-6DEB51EA005C}.Release|Any CPU.ActiveCfg = Release|Any CPU
		{7B2AD54E-7219-4729-A80B-6DEB51EA005C}.Release|Any CPU.Build.0 = Release|Any CPU
		{CA64E363-BA41-44C7-A40B-A37C9979346A}.Debug|Any CPU.ActiveCfg = Debug|Any CPU
		{CA64E363-BA41-44C7-A40B-A37C9979346A}.Debug|Any CPU.Build.0 = Debug|Any CPU
		{CA64E363-BA41-44C7-A40B-A37C9979346A}.Release|Any CPU.ActiveCfg = Release|Any CPU
		{CA64E363-BA41-44C7-A40B-A37C9979346A}.Release|Any CPU.Build.0 = Release|Any CPU
		{EBA82F85-D93E-43E9-BC26-B95ABBA6EF69}.Debug|Any CPU.ActiveCfg = Debug|Any CPU
		{EBA82F85-D93E-43E9-BC26-B95ABBA6EF69}.Debug|Any CPU.Build.0 = Debug|Any CPU
		{EBA82F85-D93E-43E9-BC26-B95ABBA6EF69}.Release|Any CPU.ActiveCfg = Release|Any CPU
		{EBA82F85-D93E-43E9-BC26-B95ABBA6EF69}.Release|Any CPU.Build.0 = Release|Any CPU
		{8F00BE11-288C-4267-AEE7-2D4AAD2A1C38}.Debug|Any CPU.ActiveCfg = Debug|Any CPU
		{8F00BE11-288C-4267-AEE7-2D4AAD2A1C38}.Debug|Any CPU.Build.0 = Debug|Any CPU
		{8F00BE11-288C-4267-AEE7-2D4AAD2A1C38}.Release|Any CPU.ActiveCfg = Release|Any CPU
		{8F00BE11-288C-4267-AEE7-2D4AAD2A1C38}.Release|Any CPU.Build.0 = Release|Any CPU
		{B0339D54-9278-4A1C-8AEA-083949414A16}.Debug|Any CPU.ActiveCfg = Debug|Any CPU
		{B0339D54-9278-4A1C-8AEA-083949414A16}.Debug|Any CPU.Build.0 = Debug|Any CPU
		{B0339D54-9278-4A1C-8AEA-083949414A16}.Release|Any CPU.ActiveCfg = Release|Any CPU
		{B0339D54-9278-4A1C-8AEA-083949414A16}.Release|Any CPU.Build.0 = Release|Any CPU
		{B604F259-F4FC-47CE-B4E4-673A88544914}.Debug|Any CPU.ActiveCfg = Debug|Any CPU
		{B604F259-F4FC-47CE-B4E4-673A88544914}.Debug|Any CPU.Build.0 = Debug|Any CPU
		{B604F259-F4FC-47CE-B4E4-673A88544914}.Release|Any CPU.ActiveCfg = Release|Any CPU
		{B604F259-F4FC-47CE-B4E4-673A88544914}.Release|Any CPU.Build.0 = Release|Any CPU
		{53F0D625-2A3E-4BBC-9319-F3FBCC3AED7A}.Debug|Any CPU.ActiveCfg = Debug|Any CPU
		{53F0D625-2A3E-4BBC-9319-F3FBCC3AED7A}.Debug|Any CPU.Build.0 = Debug|Any CPU
		{53F0D625-2A3E-4BBC-9319-F3FBCC3AED7A}.Release|Any CPU.ActiveCfg = Release|Any CPU
		{53F0D625-2A3E-4BBC-9319-F3FBCC3AED7A}.Release|Any CPU.Build.0 = Release|Any CPU
		{99090896-8072-4492-908A-E306981F4A08}.Debug|Any CPU.ActiveCfg = Debug|Any CPU
		{99090896-8072-4492-908A-E306981F4A08}.Debug|Any CPU.Build.0 = Debug|Any CPU
		{99090896-8072-4492-908A-E306981F4A08}.Release|Any CPU.ActiveCfg = Release|Any CPU
		{99090896-8072-4492-908A-E306981F4A08}.Release|Any CPU.Build.0 = Release|Any CPU
		{226C1AD6-1EC1-4272-B982-EF05DDCCE2E6}.Debug|Any CPU.ActiveCfg = Debug|Any CPU
		{226C1AD6-1EC1-4272-B982-EF05DDCCE2E6}.Debug|Any CPU.Build.0 = Debug|Any CPU
		{226C1AD6-1EC1-4272-B982-EF05DDCCE2E6}.Release|Any CPU.ActiveCfg = Release|Any CPU
		{226C1AD6-1EC1-4272-B982-EF05DDCCE2E6}.Release|Any CPU.Build.0 = Release|Any CPU
		{12131CBF-D443-483B-85E7-26F2A4DBC50D}.Debug|Any CPU.ActiveCfg = Debug|Any CPU
		{12131CBF-D443-483B-85E7-26F2A4DBC50D}.Debug|Any CPU.Build.0 = Debug|Any CPU
		{12131CBF-D443-483B-85E7-26F2A4DBC50D}.Release|Any CPU.ActiveCfg = Release|Any CPU
		{12131CBF-D443-483B-85E7-26F2A4DBC50D}.Release|Any CPU.Build.0 = Release|Any CPU
		{18917ED2-7050-4EAA-9CCA-65E60FF48ABB}.Debug|Any CPU.ActiveCfg = Debug|Any CPU
		{18917ED2-7050-4EAA-9CCA-65E60FF48ABB}.Debug|Any CPU.Build.0 = Debug|Any CPU
		{18917ED2-7050-4EAA-9CCA-65E60FF48ABB}.Release|Any CPU.ActiveCfg = Release|Any CPU
		{18917ED2-7050-4EAA-9CCA-65E60FF48ABB}.Release|Any CPU.Build.0 = Release|Any CPU
		{E6EEDFF5-DAC6-4318-86E2-8E5A82793F02}.Debug|Any CPU.ActiveCfg = Debug|Any CPU
		{E6EEDFF5-DAC6-4318-86E2-8E5A82793F02}.Debug|Any CPU.Build.0 = Debug|Any CPU
		{E6EEDFF5-DAC6-4318-86E2-8E5A82793F02}.Release|Any CPU.ActiveCfg = Release|Any CPU
		{E6EEDFF5-DAC6-4318-86E2-8E5A82793F02}.Release|Any CPU.Build.0 = Release|Any CPU
		{959630EE-F560-45D7-866B-CF76C5DC065F}.Debug|Any CPU.ActiveCfg = Debug|Any CPU
		{959630EE-F560-45D7-866B-CF76C5DC065F}.Debug|Any CPU.Build.0 = Debug|Any CPU
		{959630EE-F560-45D7-866B-CF76C5DC065F}.Release|Any CPU.ActiveCfg = Release|Any CPU
		{959630EE-F560-45D7-866B-CF76C5DC065F}.Release|Any CPU.Build.0 = Release|Any CPU
		{8C8CA67C-9101-4BC2-A142-842584B7B2FE}.Debug|Any CPU.ActiveCfg = Debug|Any CPU
		{8C8CA67C-9101-4BC2-A142-842584B7B2FE}.Debug|Any CPU.Build.0 = Debug|Any CPU
		{8C8CA67C-9101-4BC2-A142-842584B7B2FE}.Release|Any CPU.ActiveCfg = Release|Any CPU
		{8C8CA67C-9101-4BC2-A142-842584B7B2FE}.Release|Any CPU.Build.0 = Release|Any CPU
		{1496AC25-8384-4AF2-B6B9-E4B8D2F14C87}.Debug|Any CPU.ActiveCfg = Debug|Any CPU
		{1496AC25-8384-4AF2-B6B9-E4B8D2F14C87}.Debug|Any CPU.Build.0 = Debug|Any CPU
		{1496AC25-8384-4AF2-B6B9-E4B8D2F14C87}.Release|Any CPU.ActiveCfg = Release|Any CPU
		{1496AC25-8384-4AF2-B6B9-E4B8D2F14C87}.Release|Any CPU.Build.0 = Release|Any CPU
		{D20B1CF5-3440-4CF8-8596-5E2F418A1A0A}.Debug|Any CPU.ActiveCfg = Debug|Any CPU
		{D20B1CF5-3440-4CF8-8596-5E2F418A1A0A}.Debug|Any CPU.Build.0 = Debug|Any CPU
		{D20B1CF5-3440-4CF8-8596-5E2F418A1A0A}.Release|Any CPU.ActiveCfg = Release|Any CPU
		{D20B1CF5-3440-4CF8-8596-5E2F418A1A0A}.Release|Any CPU.Build.0 = Release|Any CPU
		{20BBD5F7-4264-4547-BC63-B59F9F902A95}.Debug|Any CPU.ActiveCfg = Debug|Any CPU
		{20BBD5F7-4264-4547-BC63-B59F9F902A95}.Debug|Any CPU.Build.0 = Debug|Any CPU
		{20BBD5F7-4264-4547-BC63-B59F9F902A95}.Release|Any CPU.ActiveCfg = Release|Any CPU
		{20BBD5F7-4264-4547-BC63-B59F9F902A95}.Release|Any CPU.Build.0 = Release|Any CPU
		{2A5CA278-AB0F-4421-B9A3-0573643BCCCC}.Debug|Any CPU.ActiveCfg = Debug|Any CPU
		{2A5CA278-AB0F-4421-B9A3-0573643BCCCC}.Debug|Any CPU.Build.0 = Debug|Any CPU
		{2A5CA278-AB0F-4421-B9A3-0573643BCCCC}.Release|Any CPU.ActiveCfg = Release|Any CPU
		{2A5CA278-AB0F-4421-B9A3-0573643BCCCC}.Release|Any CPU.Build.0 = Release|Any CPU
		{103307CF-FCB5-4ED8-AD3F-8AB4CCAF75D9}.Debug|Any CPU.ActiveCfg = Debug|Any CPU
		{103307CF-FCB5-4ED8-AD3F-8AB4CCAF75D9}.Debug|Any CPU.Build.0 = Debug|Any CPU
		{103307CF-FCB5-4ED8-AD3F-8AB4CCAF75D9}.Release|Any CPU.ActiveCfg = Release|Any CPU
		{103307CF-FCB5-4ED8-AD3F-8AB4CCAF75D9}.Release|Any CPU.Build.0 = Release|Any CPU
	EndGlobalSection
	GlobalSection(SolutionProperties) = preSolution
		HideSolutionNode = FALSE
	EndGlobalSection
	GlobalSection(NestedProjects) = preSolution
		{93E185D0-7DA1-4BFC-B9AC-CBE177AC570D} = {9BDA00AB-E18D-4382-A944-EA714E7A30B6}
		{A3649281-F197-41C3-B9A1-FAAA9492A30B} = {93E185D0-7DA1-4BFC-B9AC-CBE177AC570D}
		{C50A7383-E4A0-4BDE-A596-5B9C91DEF0A7} = {122963A3-56D2-4284-A818-F810CD071925}
		{B9A62881-F4D6-4F3A-AF86-9F70BDD48608} = {93E185D0-7DA1-4BFC-B9AC-CBE177AC570D}
		{83B0E553-6160-4C5C-B6D3-2202C1765B28} = {93E185D0-7DA1-4BFC-B9AC-CBE177AC570D}
		{0D2C4571-A5DF-4450-A190-46C2E27CA7B8} = {93E185D0-7DA1-4BFC-B9AC-CBE177AC570D}
		{78E3DB97-C71C-4900-95F6-B6FFDA5D66DA} = {93E185D0-7DA1-4BFC-B9AC-CBE177AC570D}
		{1391D26B-ACE4-412B-AD8E-894C461263ED} = {93E185D0-7DA1-4BFC-B9AC-CBE177AC570D}
		{9011CA20-0AB6-492F-BAEF-4862B641884F} = {93E185D0-7DA1-4BFC-B9AC-CBE177AC570D}
		{6F5B0F0B-10AF-4870-9913-ACB3286931D9} = {93E185D0-7DA1-4BFC-B9AC-CBE177AC570D}
		{E7AFB526-3EF5-4B32-A9C0-93EFF79E2EC6} = {93E185D0-7DA1-4BFC-B9AC-CBE177AC570D}
		{4D843923-7791-47CA-BF37-4E11EFC4A73D} = {46A712A1-9B16-4D6D-9135-A9D708C9CA69}
		{7B2AD54E-7219-4729-A80B-6DEB51EA005C} = {93E185D0-7DA1-4BFC-B9AC-CBE177AC570D}
		{CA64E363-BA41-44C7-A40B-A37C9979346A} = {93E185D0-7DA1-4BFC-B9AC-CBE177AC570D}
		{80870F3F-40DA-46FD-B3F3-DD3FE4B30C96} = {9BDA00AB-E18D-4382-A944-EA714E7A30B6}
		{B0339D54-9278-4A1C-8AEA-083949414A16} = {80870F3F-40DA-46FD-B3F3-DD3FE4B30C96}
		{B604F259-F4FC-47CE-B4E4-673A88544914} = {80870F3F-40DA-46FD-B3F3-DD3FE4B30C96}
		{53F0D625-2A3E-4BBC-9319-F3FBCC3AED7A} = {80870F3F-40DA-46FD-B3F3-DD3FE4B30C96}
		{99090896-8072-4492-908A-E306981F4A08} = {80870F3F-40DA-46FD-B3F3-DD3FE4B30C96}
		{226C1AD6-1EC1-4272-B982-EF05DDCCE2E6} = {80870F3F-40DA-46FD-B3F3-DD3FE4B30C96}
		{12131CBF-D443-483B-85E7-26F2A4DBC50D} = {80870F3F-40DA-46FD-B3F3-DD3FE4B30C96}
		{18917ED2-7050-4EAA-9CCA-65E60FF48ABB} = {80870F3F-40DA-46FD-B3F3-DD3FE4B30C96}
		{E6EEDFF5-DAC6-4318-86E2-8E5A82793F02} = {80870F3F-40DA-46FD-B3F3-DD3FE4B30C96}
		{959630EE-F560-45D7-866B-CF76C5DC065F} = {80870F3F-40DA-46FD-B3F3-DD3FE4B30C96}
		{FDD78610-8AD2-4384-9DA1-5D0074CA336F} = {9BDA00AB-E18D-4382-A944-EA714E7A30B6}
		{8C8CA67C-9101-4BC2-A142-842584B7B2FE} = {FDD78610-8AD2-4384-9DA1-5D0074CA336F}
		{1496AC25-8384-4AF2-B6B9-E4B8D2F14C87} = {FDD78610-8AD2-4384-9DA1-5D0074CA336F}
		{D20B1CF5-3440-4CF8-8596-5E2F418A1A0A} = {FDD78610-8AD2-4384-9DA1-5D0074CA336F}
		{20BBD5F7-4264-4547-BC63-B59F9F902A95} = {FDD78610-8AD2-4384-9DA1-5D0074CA336F}
		{2A5CA278-AB0F-4421-B9A3-0573643BCCCC} = {FDD78610-8AD2-4384-9DA1-5D0074CA336F}
		{103307CF-FCB5-4ED8-AD3F-8AB4CCAF75D9} = {FDD78610-8AD2-4384-9DA1-5D0074CA336F}
	EndGlobalSection
	GlobalSection(ExtensibilityGlobals) = postSolution
		SolutionGuid = {0A96E17D-AA6B-453C-BDE6-A74EEF471CE0}
	EndGlobalSection
EndGlobal
